
Microsoft Visual Studio Solution File, Format Version 12.00
# Visual Studio 15
VisualStudioVersion = 15.0.28307.136
MinimumVisualStudioVersion = 10.0.40219.1
Project("{FAE04EC0-301F-11D3-BF4B-00C04F79EFBC}") = "Facturando_ValidadorREST_Testing", "Facturando_ValidadorREST_Testing\Facturando_ValidadorREST_Testing.csproj", "{E046127B-50A6-4D93-A7A9-304941469795}"
EndProject
Global
	GlobalSection(SolutionConfigurationPlatforms) = preSolution
		Debug|Any CPU = Debug|Any CPU
		Release|Any CPU = Release|Any CPU
	EndGlobalSection
	GlobalSection(ProjectConfigurationPlatforms) = postSolution
		{E046127B-50A6-4D93-A7A9-304941469795}.Debug|Any CPU.ActiveCfg = Debug|Any CPU
		{E046127B-50A6-4D93-A7A9-304941469795}.Debug|Any CPU.Build.0 = Debug|Any CPU
		{E046127B-50A6-4D93-A7A9-304941469795}.Release|Any CPU.ActiveCfg = Release|Any CPU
		{E046127B-50A6-4D93-A7A9-304941469795}.Release|Any CPU.Build.0 = Release|Any CPU
	EndGlobalSection
	GlobalSection(SolutionProperties) = preSolution
		HideSolutionNode = FALSE
	EndGlobalSection
	GlobalSection(ExtensibilityGlobals) = postSolution
		SolutionGuid = {23647880-7F61-4CD6-B7FE-0A1D2B36A3F0}
	EndGlobalSection
EndGlobal
